# This file is automatically @generated by Poetry 1.8.4 and should not be changed by hand.

[[package]]
name = "asgiref"
version = "3.8.1"
description = "ASGI specs, helper code, and adapters"
optional = false
python-versions = ">=3.8"
files = [
    {file = "asgiref-3.8.1-py3-none-any.whl", hash = "sha256:3e1e3ecc849832fe52ccf2cb6686b7a55f82bb1d6aee72a58826471390335e47"},
    {file = "asgiref-3.8.1.tar.gz", hash = "sha256:c343bd80a0bec947a9860adb4c432ffa7db769836c64238fc34bdc3fec84d590"},
]

[package.extras]
tests = ["mypy (>=0.800)", "pytest", "pytest-asyncio"]

[[package]]
name = "crate"
version = "0.35.2"
description = "CrateDB Python Client"
optional = false
python-versions = ">=3.6"
files = [
    {file = "crate-0.35.2-py2.py3-none-any.whl", hash = "sha256:e37058cd6b1fd376be5333f9c26794785b5a74f970a1f23d7b2822e02edbf0e0"},
    {file = "crate-0.35.2.tar.gz", hash = "sha256:e211800adb0aef586f727f0bf608080fbcd1fae9ad4f0bec901c521c1a4bc8c1"},
]

[package.dependencies]
urllib3 = "<2.2"
verlib2 = "0.2.0"

[package.extras]
doc = ["crate-docs-theme (>=0.26.5)", "sphinx (>=3.5,<8)"]
sqlalchemy = ["backports.zoneinfo (<1)", "geojson (>=2.5.0,<4)", "sqlalchemy (>=1.0,<2.1)"]
test = ["certifi", "createcoverage (>=1,<2)", "dask", "flake8 (>=4,<8)", "pandas (<2.2)", "pytz", "stopit (>=1.1.2,<2)", "tox (>=3,<5)", "zc.customdoctests (>=1.0.1,<2)", "zope.testing (>=4,<6)", "zope.testrunner (>=5,<7)"]

[[package]]
name = "django"
version = "5.1.2"
description = "A high-level Python web framework that encourages rapid development and clean, pragmatic design."
optional = false
python-versions = ">=3.10"
files = [
    {file = "Django-5.1.2-py3-none-any.whl", hash = "sha256:f11aa87ad8d5617171e3f77e1d5d16f004b79a2cf5d2e1d2b97a6a1f8e9ba5ed"},
    {file = "Django-5.1.2.tar.gz", hash = "sha256:bd7376f90c99f96b643722eee676498706c9fd7dc759f55ebfaf2c08ebcdf4f0"},
]

[package.dependencies]
asgiref = ">=3.8.1,<4"
sqlparse = ">=0.3.1"
tzdata = {version = "*", markers = "sys_platform == \"win32\""}

[package.extras]
argon2 = ["argon2-cffi (>=19.1.0)"]
bcrypt = ["bcrypt"]

[[package]]
name = "sqlparse"
version = "0.5.1"
description = "A non-validating SQL parser."
optional = false
python-versions = ">=3.8"
files = [
    {file = "sqlparse-0.5.1-py3-none-any.whl", hash = "sha256:773dcbf9a5ab44a090f3441e2180efe2560220203dc2f8c0b0fa141e18b505e4"},
    {file = "sqlparse-0.5.1.tar.gz", hash = "sha256:bb6b4df465655ef332548e24f08e205afc81b9ab86cb1c45657a7ff173a3a00e"},
]

[package.extras]
dev = ["build", "hatch"]
doc = ["sphinx"]

[[package]]
name = "tzdata"
version = "2024.2"
description = "Provider of IANA time zone data"
optional = false
python-versions = ">=2"
files = [
    {file = "tzdata-2024.2-py2.py3-none-any.whl", hash = "sha256:a48093786cdcde33cad18c2555e8532f34422074448fbc874186f0abd79565cd"},
    {file = "tzdata-2024.2.tar.gz", hash = "sha256:7d85cc416e9382e69095b7bdf4afd9e3880418a2413feec7069d533d6b4e31cc"},
]

[[package]]
name = "urllib3"
version = "2.1.0"
description = "HTTP library with thread-safe connection pooling, file post, and more."
optional = false
python-versions = ">=3.8"
files = [
    {file = "urllib3-2.1.0-py3-none-any.whl", hash = "sha256:55901e917a5896a349ff771be919f8bd99aff50b79fe58fec595eb37bbc56bb3"},
    {file = "urllib3-2.1.0.tar.gz", hash = "sha256:df7aa8afb0148fa78488e7899b2c59b5f4ffcfa82e6c54ccb9dd37c1d7b52d54"},
]

[package.extras]
brotli = ["brotli (>=1.0.9)", "brotlicffi (>=0.8.0)"]
socks = ["pysocks (>=1.5.6,!=1.5.7,<2.0)"]
zstd = ["zstandard (>=0.18.0)"]

[[package]]
name = "verlib2"
version = "0.2.0"
description = "A standalone variant of packaging.version, without anything else."
optional = false
python-versions = ">=3.6"
files = [
    {file = "verlib2-0.2.0-py3-none-any.whl", hash = "sha256:c0fb8dbae76e228e55bb6178207cda931d44c843d8485c873b7676835edf2e8f"},
    {file = "verlib2-0.2.0.tar.gz", hash = "sha256:0ab94087c094e27163948dfa817c98d62b6bdd01226cce5188f8cc3cd68345b9"},
]

[package.extras]
develop = ["black (<23)", "mypy (==1.6.0)", "poethepoet (<1)", "pyproject-fmt (<1.3)", "ruff (==0.0.292)", "validate-pyproject (<0.16)"]
release = ["build (<2)", "twine (<5)"]
test = ["pretend (<2)", "pytest (<8)", "pytest-cov (<5)"]

[metadata]
lock-version = "2.0"
python-versions = "^3.12"
content-hash = "a469cb1544cfd82c1bae02e9abd4ea6123b6e3423c86d7c04e90178fd1718f01"
